
Microsoft Visual Studio Solution File, Format Version 12.00
# Visual Studio 15
VisualStudioVersion = 15.0.28307.102
MinimumVisualStudioVersion = 10.0.40219.1
Project("{FAE04EC0-301F-11D3-BF4B-00C04F79EFBC}") = "DecoratorPattern", "DecoratorPattern\DecoratorPattern.csproj", "{5EEF5EB1-59BF-4501-8870-BB299A3A5549}"
EndProject
Global
	GlobalSection(SolutionConfigurationPlatforms) = preSolution
		Debug|Any CPU = Debug|Any CPU
		Release|Any CPU = Release|Any CPU
	EndGlobalSection
	GlobalSection(ProjectConfigurationPlatforms) = postSolution
		{5EEF5EB1-59BF-4501-8870-BB299A3A5549}.Debug|Any CPU.ActiveCfg = Debug|Any CPU
		{5EEF5EB1-59BF-4501-8870-BB299A3A5549}.Debug|Any CPU.Build.0 = Debug|Any CPU
		{5EEF5EB1-59BF-4501-8870-BB299A3A5549}.Release|Any CPU.ActiveCfg = Release|Any CPU
		{5EEF5EB1-59BF-4501-8870-BB299A3A5549}.Release|Any CPU.Build.0 = Release|Any CPU
	EndGlobalSection
	GlobalSection(SolutionProperties) = preSolution
		HideSolutionNode = FALSE
	EndGlobalSection
	GlobalSection(ExtensibilityGlobals) = postSolution
		SolutionGuid = {099F5826-32F5-4DFB-96DD-DB1F3F0B0181}
	EndGlobalSection
EndGlobal
